
Microsoft Visual Studio Solution File, Format Version 12.00
# Visual Studio Version 17
VisualStudioVersion = 17.0.31903.59
MinimumVisualStudioVersion = 10.0.40219.1
Project("{FAE04EC0-301F-11D3-BF4B-00C04F79EFBC}") = "ProjectFlow.Domain", "ProjectFlow.Domain\ProjectFlow.Domain.csproj", "{9D026566-577B-4855-A638-7CFF5423ED2D}"
EndProject
Project("{FAE04EC0-301F-11D3-BF4B-00C04F79EFBC}") = "ProjectFlow.Application", "ProjectFlow.Application\ProjectFlow.Application.csproj", "{B896F70D-84FF-4AB3-A164-23EF1552910B}"
EndProject
Project("{FAE04EC0-301F-11D3-BF4B-00C04F79EFBC}") = "ProjectFlow.Api", "ProjectFlow.Api\ProjectFlow.Api.csproj", "{35C1450F-3996-4E36-BEE7-0607202E1280}"
EndProject
Project("{FAE04EC0-301F-11D3-BF4B-00C04F79EFBC}") = "ProjectFlow.Infrastructure", "ProjectFlow.Infrastructure\ProjectFlow.Infrastructure.csproj", "{C8AED364-BBFD-4769-BA80-F11061FBB7CE}"
EndProject
Project("{2150E333-8FDC-42A3-9474-1A3956D46DE8}") = "Éléments de solution", "Éléments de solution", "{9C8CB701-102D-CF49-A3E0-89AC09D42C2C}"
	ProjectSection(SolutionItems) = preProject
		.gitignore = .gitignore
		docker-compose.yml = docker-compose.yml
	EndProjectSection
EndProject
Global
	GlobalSection(SolutionConfigurationPlatforms) = preSolution
		Debug|Any CPU = Debug|Any CPU
		Debug|x64 = Debug|x64
		Debug|x86 = Debug|x86
		Release|Any CPU = Release|Any CPU
		Release|x64 = Release|x64
		Release|x86 = Release|x86
	EndGlobalSection
	GlobalSection(ProjectConfigurationPlatforms) = postSolution
		{9D026566-577B-4855-A638-7CFF5423ED2D}.Debug|Any CPU.ActiveCfg = Debug|Any CPU
		{9D026566-577B-4855-A638-7CFF5423ED2D}.Debug|Any CPU.Build.0 = Debug|Any CPU
		{9D026566-577B-4855-A638-7CFF5423ED2D}.Debug|x64.ActiveCfg = Debug|Any CPU
		{9D026566-577B-4855-A638-7CFF5423ED2D}.Debug|x64.Build.0 = Debug|Any CPU
		{9D026566-577B-4855-A638-7CFF5423ED2D}.Debug|x86.ActiveCfg = Debug|Any CPU
		{9D026566-577B-4855-A638-7CFF5423ED2D}.Debug|x86.Build.0 = Debug|Any CPU
		{9D026566-577B-4855-A638-7CFF5423ED2D}.Release|Any CPU.ActiveCfg = Release|Any CPU
		{9D026566-577B-4855-A638-7CFF5423ED2D}.Release|Any CPU.Build.0 = Release|Any CPU
		{9D026566-577B-4855-A638-7CFF5423ED2D}.Release|x64.ActiveCfg = Release|Any CPU
		{9D026566-577B-4855-A638-7CFF5423ED2D}.Release|x64.Build.0 = Release|Any CPU
		{9D026566-577B-4855-A638-7CFF5423ED2D}.Release|x86.ActiveCfg = Release|Any CPU
		{9D026566-577B-4855-A638-7CFF5423ED2D}.Release|x86.Build.0 = Release|Any CPU
		{B896F70D-84FF-4AB3-A164-23EF1552910B}.Debug|Any CPU.ActiveCfg = Debug|Any CPU
		{B896F70D-84FF-4AB3-A164-23EF1552910B}.Debug|Any CPU.Build.0 = Debug|Any CPU
		{B896F70D-84FF-4AB3-A164-23EF1552910B}.Debug|x64.ActiveCfg = Debug|Any CPU
		{B896F70D-84FF-4AB3-A164-23EF1552910B}.Debug|x64.Build.0 = Debug|Any CPU
		{B896F70D-84FF-4AB3-A164-23EF1552910B}.Debug|x86.ActiveCfg = Debug|Any CPU
		{B896F70D-84FF-4AB3-A164-23EF1552910B}.Debug|x86.Build.0 = Debug|Any CPU
		{B896F70D-84FF-4AB3-A164-23EF1552910B}.Release|Any CPU.ActiveCfg = Release|Any CPU
		{B896F70D-84FF-4AB3-A164-23EF1552910B}.Release|Any CPU.Build.0 = Release|Any CPU
		{B896F70D-84FF-4AB3-A164-23EF1552910B}.Release|x64.ActiveCfg = Release|Any CPU
		{B896F70D-84FF-4AB3-A164-23EF1552910B}.Release|x64.Build.0 = Release|Any CPU
		{B896F70D-84FF-4AB3-A164-23EF1552910B}.Release|x86.ActiveCfg = Release|Any CPU
		{B896F70D-84FF-4AB3-A164-23EF1552910B}.Release|x86.Build.0 = Release|Any CPU
		{35C1450F-3996-4E36-BEE7-0607202E1280}.Debug|Any CPU.ActiveCfg = Debug|Any CPU
		{35C1450F-3996-4E36-BEE7-0607202E1280}.Debug|Any CPU.Build.0 = Debug|Any CPU
		{35C1450F-3996-4E36-BEE7-0607202E1280}.Debug|x64.ActiveCfg = Debug|Any CPU
		{35C1450F-3996-4E36-BEE7-0607202E1280}.Debug|x64.Build.0 = Debug|Any CPU
		{35C1450F-3996-4E36-BEE7-0607202E1280}.Debug|x86.ActiveCfg = Debug|Any CPU
		{35C1450F-3996-4E36-BEE7-0607202E1280}.Debug|x86.Build.0 = Debug|Any CPU
		{35C1450F-3996-4E36-BEE7-0607202E1280}.Release|Any CPU.ActiveCfg = Release|Any CPU
		{35C1450F-3996-4E36-BEE7-0607202E1280}.Release|Any CPU.Build.0 = Release|Any CPU
		{35C1450F-3996-4E36-BEE7-0607202E1280}.Release|x64.ActiveCfg = Release|Any CPU
		{35C1450F-3996-4E36-BEE7-0607202E1280}.Release|x64.Build.0 = Release|Any CPU
		{35C1450F-3996-4E36-BEE7-0607202E1280}.Release|x86.ActiveCfg = Release|Any CPU
		{35C1450F-3996-4E36-BEE7-0607202E1280}.Release|x86.Build.0 = Release|Any CPU
		{C8AED364-BBFD-4769-BA80-F11061FBB7CE}.Debug|Any CPU.ActiveCfg = Debug|Any CPU
		{C8AED364-BBFD-4769-BA80-F11061FBB7CE}.Debug|Any CPU.Build.0 = Debug|Any CPU
		{C8AED364-BBFD-4769-BA80-F11061FBB7CE}.Debug|x64.ActiveCfg = Debug|Any CPU
		{C8AED364-BBFD-4769-BA80-F11061FBB7CE}.Debug|x64.Build.0 = Debug|Any CPU
		{C8AED364-BBFD-4769-BA80-F11061FBB7CE}.Debug|x86.ActiveCfg = Debug|Any CPU
		{C8AED364-BBFD-4769-BA80-F11061FBB7CE}.Debug|x86.Build.0 = Debug|Any CPU
		{C8AED364-BBFD-4769-BA80-F11061FBB7CE}.Release|Any CPU.ActiveCfg = Release|Any CPU
		{C8AED364-BBFD-4769-BA80-F11061FBB7CE}.Release|Any CPU.Build.0 = Release|Any CPU
		{C8AED364-BBFD-4769-BA80-F11061FBB7CE}.Release|x64.ActiveCfg = Release|Any CPU
		{C8AED364-BBFD-4769-BA80-F11061FBB7CE}.Release|x64.Build.0 = Release|Any CPU
		{C8AED364-BBFD-4769-BA80-F11061FBB7CE}.Release|x86.ActiveCfg = Release|Any CPU
		{C8AED364-BBFD-4769-BA80-F11061FBB7CE}.Release|x86.Build.0 = Release|Any CPU
	EndGlobalSection
	GlobalSection(SolutionProperties) = preSolution
		HideSolutionNode = FALSE
	EndGlobalSection
	GlobalSection(ExtensibilityGlobals) = postSolution
		SolutionGuid = {37BBDDE6-D788-4711-B57C-B4E5E38390D8}
	EndGlobalSection
EndGlobal
